[cli]
url = "https://github.com/WebAssembly/WASI/releases/download/v0.2.11/wasi-wit-0.2.11.tar.gz"
prefix = "wasi-wit-0.2.11/cli"
sha256 = "60c863ad39bf5a20afb63e53ebb12ca7b2ae9eeb590f9d04541958e266c18242"
sha512 = "d5318560374bf2498692cf1afa9ff68be3971c113ffa928bc9446faa4c5bf6a39830df9bbaea09658f234275e7052347732a28209444fdfa77730c01115ac0c5"

[clocks]
url = "https://github.com/WebAssembly/WASI/releases/download/v0.2.11/wasi-wit-0.2.11.tar.gz"
prefix = "wasi-wit-0.2.11/clocks"
sha256 = "e91881634ffbe45e6ecf44292b41d11987c17368482baefec9864eef28da69cb"
sha512 = "57cb41e8a7ca804e8714278ed1dd1a37b388ba9b89520b0b1e45542ea215cfa36ecff5f8cf543d46033ddd5a6c7b141640121e134ab9506111edb9df4f3a8167"

[filesystem]
url = "https://github.com/WebAssembly/WASI/releases/download/v0.2.11/wasi-wit-0.2.11.tar.gz"
prefix = "wasi-wit-0.2.11/filesystem"
sha256 = "606f16db2b92a9ecf96da8c288fa5ff5f5f8331c41f8a26f366097c4081228bc"
sha512 = "56d43a0c6eb9378e291a1efcc1e04a51c6486b156c17d6e45f86a0fde9ad267d54dd1613dc1780d022245504de43df128094a008e347e49697c234641935feb2"

[http]
url = "https://github.com/WebAssembly/WASI/releases/download/v0.2.11/wasi-wit-0.2.11.tar.gz"
prefix = "wasi-wit-0.2.11/http"
sha256 = "a359ea5d34d2ae2e9304ef04c15054efdf6aed5cb3389aa9f3f29f22d87000f4"
sha512 = "98209752e1c94a041a2921294f52aba84e8f6b4c9b0cdd9fb77fdc4a56ac5547c368b7dea3dac9e8afe53e496b9c9138cb1f38b6f2a532d72b9d6ab4a918242d"

[io]
url = "https://github.com/WebAssembly/WASI/releases/download/v0.2.11/wasi-wit-0.2.11.tar.gz"
prefix = "wasi-wit-0.2.11/io"
sha256 = "d651e4180423bddac6f44d5596fa9541d51e53f5b96b4552e27b4a6a6fc3c092"
sha512 = "60132db8bd8e654005daaa12f6c1cd07d523938c92324e53ffc715b23de928ceee74980d543dffbb1444a8e8f146bdf988cdd3d87ebcc2bf1d03580d6aca5087"

[logging]
url = "https://github.com/WebAssembly/wasi-logging/archive/d31c41d0d9eed81aabe02333d0025d42acf3fb75.tar.gz"
sha256 = "ad81d8b7f7a8ceb729cf551f1d24586f0de9560a43eea57a9bb031d2175804e1"
sha512 = "1687ad9a02ab3e689443e67d1a0605f58fc5dea828d2e4d2c7825c6002714fac9bd4289b1a68b61a37dcca6c3b421f4c8ed4b1e6cc29f6460e0913cf1bf11c04"

[random]
url = "https://github.com/WebAssembly/WASI/releases/download/v0.2.11/wasi-wit-0.2.11.tar.gz"
prefix = "wasi-wit-0.2.11/random"
sha256 = "6633a0ac3a854da3cd79501df7787c0295ed1242c094890ae6e36e7624695300"
sha512 = "e1c010bffabfc5418d8a894d646bfc4d4ebf43713b7841b4635c962189d5a8818192ae9372c2885b5651f2f8095a3656cf491e2421e37c005110efce64b0a0eb"

[sockets]
url = "https://github.com/WebAssembly/WASI/releases/download/v0.2.11/wasi-wit-0.2.11.tar.gz"
prefix = "wasi-wit-0.2.11/sockets"
sha256 = "d7bb2933e2236acfdd2056a8ab1b3169292c06a869de2bf00051a5849e1c72c7"
sha512 = "4eac09546f0a55609f9c1cbbb189064113946235d5ae657adb2ca955e218833af53371ae9c1ef770ff73e3e64300332f92aed731bb23b8c2e8fbf0dea415b922"
